{
  "name": "trivia",
  "version": "0.0.0",
  "dependencies": {
    "sails": {
      "version": "0.8.91",
      "from": "sails@0.8.91",
      "dependencies": {
        "sails-dirty": {
          "version": "0.7.4",
          "from": "sails-dirty@0.7.4",
          "dependencies": {
            "dirty": {
              "version": "0.9.7",
              "from": "https://registry.npmjs.org/dirty/-/dirty-0.9.7.tgz",
              "resolved": "https://registry.npmjs.org/dirty/-/dirty-0.9.7.tgz"
            },
            "underscore": {
              "version": "1.4.4",
              "from": "https://registry.npmjs.org/underscore/-/underscore-1.4.4.tgz",
              "resolved": "https://registry.npmjs.org/underscore/-/underscore-1.4.4.tgz"
            },
            "underscore.string": {
              "version": "2.3.1",
              "from": "https://registry.npmjs.org/underscore.string/-/underscore.string-2.3.1.tgz",
              "resolved": "https://registry.npmjs.org/underscore.string/-/underscore.string-2.3.1.tgz"
            }
          }
        },
        "express": {
          "version": "2.5.11",
          "from": "express@2.5.11",
          "dependencies": {
            "mime": {
              "version": "1.2.4",
              "from": "https://registry.npmjs.org/mime/-/mime-1.2.4.tgz",
              "resolved": "https://registry.npmjs.org/mime/-/mime-1.2.4.tgz"
            },
            "qs": {
              "version": "0.4.2",
              "from": "qs@0.4.2",
              "resolved": "https://registry.npmjs.org/qs/-/qs-0.4.2.tgz"
            },
            "mkdirp": {
              "version": "0.3.0",
              "from": "https://registry.npmjs.org/mkdirp/-/mkdirp-0.3.0.tgz",
              "resolved": "https://registry.npmjs.org/mkdirp/-/mkdirp-0.3.0.tgz"
            }
          }
        },
        "socket.io": {
          "version": "0.9.6",
          "from": "socket.io@0.9.6",
          "dependencies": {
            "socket.io-client": {
              "version": "0.9.6",
              "from": "socket.io-client@0.9.6",
              "dependencies": {
                "uglify-js": {
                  "version": "1.2.5",
                  "from": "https://registry.npmjs.org/uglify-js/-/uglify-js-1.2.5.tgz",
                  "resolved": "https://registry.npmjs.org/uglify-js/-/uglify-js-1.2.5.tgz"
                },
                "ws": {
                  "version": "0.4.25",
                  "from": "ws@0.4.25",
                  "resolved": "https://registry.npmjs.org/ws/-/ws-0.4.25.tgz",
                  "dependencies": {
                    "commander": {
                      "version": "0.6.1",
                      "from": "commander@0.6.1"
                    },
                    "tinycolor": {
                      "version": "0.0.1",
                      "from": "tinycolor@0.0.1",
                      "resolved": "https://registry.npmjs.org/tinycolor/-/tinycolor-0.0.1.tgz"
                    },
                    "options": {
                      "version": "0.0.5",
                      "from": "options@0.0.5",
                      "resolved": "https://registry.npmjs.org/options/-/options-0.0.5.tgz"
                    }
                  }
                },
                "xmlhttprequest": {
                  "version": "1.2.2",
                  "from": "https://registry.npmjs.org/xmlhttprequest/-/xmlhttprequest-1.2.2.tgz",
                  "resolved": "https://registry.npmjs.org/xmlhttprequest/-/xmlhttprequest-1.2.2.tgz"
                },
                "active-x-obfuscator": {
                  "version": "0.0.1",
                  "from": "https://registry.npmjs.org/active-x-obfuscator/-/active-x-obfuscator-0.0.1.tgz",
                  "resolved": "https://registry.npmjs.org/active-x-obfuscator/-/active-x-obfuscator-0.0.1.tgz",
                  "dependencies": {
                    "zeparser": {
                      "version": "0.0.5",
                      "from": "https://registry.npmjs.org/zeparser/-/zeparser-0.0.5.tgz",
                      "resolved": "https://registry.npmjs.org/zeparser/-/zeparser-0.0.5.tgz"
                    }
                  }
                }
              }
            },
            "policyfile": {
              "version": "0.0.4",
              "from": "https://registry.npmjs.org/policyfile/-/policyfile-0.0.4.tgz",
              "resolved": "https://registry.npmjs.org/policyfile/-/policyfile-0.0.4.tgz"
            },
            "redis": {
              "version": "0.6.7",
              "from": "redis@0.6.7"
            }
          }
        },
        "ejs": {
          "version": "0.7.2",
          "from": "ejs@0.7.2"
        },
        "connect": {
          "version": "1.8.3",
          "from": "connect@1.8.3",
          "dependencies": {
            "qs": {
              "version": "0.6.5",
              "from": "qs@0.6.5",
              "resolved": "https://registry.npmjs.org/qs/-/qs-0.6.5.tgz"
            },
            "mime": {
              "version": "1.2.9",
              "from": "mime@1.2.9",
              "resolved": "https://registry.npmjs.org/mime/-/mime-1.2.9.tgz"
            },
            "formidable": {
              "version": "1.0.14",
              "from": "https://registry.npmjs.org/formidable/-/formidable-1.0.14.tgz",
              "resolved": "https://registry.npmjs.org/formidable/-/formidable-1.0.14.tgz"
            }
          }
        },
        "async": {
          "version": "0.1.22",
          "from": "async@0.1.22"
        },
        "underscore": {
          "version": "1.4.2",
          "from": "underscore@1.4.2"
        },
        "optimist": {
          "version": "0.3.4",
          "from": "optimist@0.3.4",
          "dependencies": {
            "wordwrap": {
              "version": "0.0.2",
              "from": "wordwrap@0.0.2",
              "resolved": "https://registry.npmjs.org/wordwrap/-/wordwrap-0.0.2.tgz"
            }
          }
        },
        "underscore.string": {
          "version": "2.3.0",
          "from": "underscore.string@2.3.0"
        },
        "glob": {
          "version": "3.1.14",
          "from": "glob@3.1.14",
          "dependencies": {
            "minimatch": {
              "version": "0.2.12",
              "from": "minimatch@0.2.12",
              "resolved": "https://registry.npmjs.org/minimatch/-/minimatch-0.2.12.tgz",
              "dependencies": {
                "lru-cache": {
                  "version": "2.3.0",
                  "from": "lru-cache@2.3.0",
                  "resolved": "https://registry.npmjs.org/lru-cache/-/lru-cache-2.3.0.tgz"
                },
                "sigmund": {
                  "version": "1.0.0",
                  "from": "sigmund@1.0.0",
                  "resolved": "https://registry.npmjs.org/sigmund/-/sigmund-1.0.0.tgz"
                }
              }
            },
            "graceful-fs": {
              "version": "1.1.14",
              "from": "graceful-fs@1.1.14",
              "resolved": "https://registry.npmjs.org/graceful-fs/-/graceful-fs-1.1.14.tgz"
            },
            "inherits": {
              "version": "1.0.0",
              "from": "inherits@1.0.0",
              "resolved": "https://registry.npmjs.org/inherits/-/inherits-1.0.0.tgz"
            }
          }
        },
        "winston": {
          "version": "0.6.2",
          "from": "winston@0.6.2",
          "dependencies": {
            "colors": {
              "version": "0.6.0-1",
              "from": "colors@0.6.0-1",
              "resolved": "https://registry.npmjs.org/colors/-/colors-0.6.0-1.tgz"
            },
            "cycle": {
              "version": "1.0.2",
              "from": "cycle@1.0.2",
              "resolved": "https://registry.npmjs.org/cycle/-/cycle-1.0.2.tgz"
            },
            "eyes": {
              "version": "0.1.8",
              "from": "eyes@0.1.8",
              "resolved": "https://registry.npmjs.org/eyes/-/eyes-0.1.8.tgz"
            },
            "pkginfo": {
              "version": "0.2.3",
              "from": "https://registry.npmjs.org/pkginfo/-/pkginfo-0.2.3.tgz",
              "resolved": "https://registry.npmjs.org/pkginfo/-/pkginfo-0.2.3.tgz"
            },
            "request": {
              "version": "2.9.203",
              "from": "request@2.9.203",
              "resolved": "https://registry.npmjs.org/request/-/request-2.9.203.tgz"
            },
            "stack-trace": {
              "version": "0.0.6",
              "from": "stack-trace@0.0.6",
              "resolved": "https://registry.npmjs.org/stack-trace/-/stack-trace-0.0.6.tgz"
            }
          }
        },
        "fs-extra": {
          "version": "0.5.0",
          "from": "fs-extra@0.5.0",
          "dependencies": {
            "ncp": {
              "version": "0.2.7",
              "from": "ncp@0.2.7",
              "resolved": "https://registry.npmjs.org/ncp/-/ncp-0.2.7.tgz"
            },
            "mkdirp": {
              "version": "0.3.5",
              "from": "mkdirp@0.3.5",
              "resolved": "https://registry.npmjs.org/mkdirp/-/mkdirp-0.3.5.tgz"
            },
            "jsonfile": {
              "version": "0.0.1",
              "from": "jsonfile@0.0.1",
              "resolved": "https://registry.npmjs.org/jsonfile/-/jsonfile-0.0.1.tgz"
            },
            "rimraf": {
              "version": "2.1.4",
              "from": "rimraf@2.1.4",
              "resolved": "https://registry.npmjs.org/rimraf/-/rimraf-2.1.4.tgz",
              "dependencies": {
                "graceful-fs": {
                  "version": "1.2.2",
                  "from": "https://registry.npmjs.org/graceful-fs/-/graceful-fs-1.2.2.tgz",
                  "resolved": "https://registry.npmjs.org/graceful-fs/-/graceful-fs-1.2.2.tgz"
                }
              }
            }
          }
        },
        "i18n": {
          "version": "0.3.5",
          "from": "i18n@0.3.5",
          "dependencies": {
            "sprintf": {
              "version": "0.1.1",
              "from": "sprintf@0.1.1",
              "resolved": "https://registry.npmjs.org/sprintf/-/sprintf-0.1.1.tgz"
            }
          }
        },
        "wrench": {
          "version": "1.4.4",
          "from": "wrench@1.4.4"
        },
        "uglify-js": {
          "version": "2.2.4",
          "from": "uglify-js@2.2.4",
          "dependencies": {
            "source-map": {
              "version": "0.1.23",
              "from": "https://registry.npmjs.org/source-map/-/source-map-0.1.23.tgz",
              "resolved": "https://registry.npmjs.org/source-map/-/source-map-0.1.23.tgz",
              "dependencies": {
                "amdefine": {
                  "version": "0.0.5",
                  "from": "amdefine@0.0.5",
                  "resolved": "https://registry.npmjs.org/amdefine/-/amdefine-0.0.5.tgz"
                }
              }
            },
            "optimist": {
              "version": "0.3.7",
              "from": "optimist@0.3.7",
              "resolved": "https://registry.npmjs.org/optimist/-/optimist-0.3.7.tgz",
              "dependencies": {
                "wordwrap": {
                  "version": "0.0.2",
                  "from": "wordwrap@0.0.2",
                  "resolved": "https://registry.npmjs.org/wordwrap/-/wordwrap-0.0.2.tgz"
                }
              }
            }
          }
        },
        "asset-rack": {
          "version": "2.1.5",
          "from": "asset-rack@2.1.5",
          "dependencies": {
            "browserify": {
              "version": "1.17.3",
              "from": "https://registry.npmjs.org/browserify/-/browserify-1.17.3.tgz",
              "resolved": "https://registry.npmjs.org/browserify/-/browserify-1.17.3.tgz",
              "dependencies": {
                "detective": {
                  "version": "0.2.1",
                  "from": "detective@0.2.1",
                  "resolved": "https://registry.npmjs.org/detective/-/detective-0.2.1.tgz",
                  "dependencies": {
                    "esprima": {
                      "version": "0.9.9",
                      "from": "esprima@0.9.9",
                      "resolved": "https://registry.npmjs.org/esprima/-/esprima-0.9.9.tgz"
                    }
                  }
                },
                "buffer-browserify": {
                  "version": "0.0.5",
                  "from": "buffer-browserify@0.0.5",
                  "resolved": "https://registry.npmjs.org/buffer-browserify/-/buffer-browserify-0.0.5.tgz",
                  "dependencies": {
                    "base64-js": {
                      "version": "0.0.2",
                      "from": "https://registry.npmjs.org/base64-js/-/base64-js-0.0.2.tgz",
                      "resolved": "https://registry.npmjs.org/base64-js/-/base64-js-0.0.2.tgz"
                    }
                  }
                },
                "console-browserify": {
                  "version": "0.1.6",
                  "from": "console-browserify@0.1.6",
                  "resolved": "https://registry.npmjs.org/console-browserify/-/console-browserify-0.1.6.tgz"
                },
                "deputy": {
                  "version": "0.0.4",
                  "from": "deputy@0.0.4",
                  "resolved": "https://registry.npmjs.org/deputy/-/deputy-0.0.4.tgz",
                  "dependencies": {
                    "mkdirp": {
                      "version": "0.3.5",
                      "from": "mkdirp@0.3.5",
                      "resolved": "https://registry.npmjs.org/mkdirp/-/mkdirp-0.3.5.tgz"
                    }
                  }
                },
                "syntax-error": {
                  "version": "0.0.1",
                  "from": "syntax-error@0.0.1",
                  "resolved": "https://registry.npmjs.org/syntax-error/-/syntax-error-0.0.1.tgz",
                  "dependencies": {
                    "esprima": {
                      "version": "0.9.9",
                      "from": "esprima@0.9.9",
                      "resolved": "https://registry.npmjs.org/esprima/-/esprima-0.9.9.tgz"
                    }
                  }
                },
                "resolve": {
                  "version": "0.2.8",
                  "from": "resolve@0.2.8",
                  "resolved": "https://registry.npmjs.org/resolve/-/resolve-0.2.8.tgz"
                },
                "nub": {
                  "version": "0.0.0",
                  "from": "nub@0.0.0",
                  "resolved": "https://registry.npmjs.org/nub/-/nub-0.0.0.tgz"
                },
                "commondir": {
                  "version": "0.0.1",
                  "from": "commondir@0.0.1",
                  "resolved": "https://registry.npmjs.org/commondir/-/commondir-0.0.1.tgz"
                },
                "http-browserify": {
                  "version": "0.1.11",
                  "from": "http-browserify@0.1.11",
                  "resolved": "https://registry.npmjs.org/http-browserify/-/http-browserify-0.1.11.tgz",
                  "dependencies": {
                    "concat-stream": {
                      "version": "0.0.8",
                      "from": "https://registry.npmjs.org/concat-stream/-/concat-stream-0.0.8.tgz",
                      "resolved": "https://registry.npmjs.org/concat-stream/-/concat-stream-0.0.8.tgz"
                    }
                  }
                },
                "vm-browserify": {
                  "version": "0.0.1",
                  "from": "vm-browserify@0.0.1",
                  "resolved": "https://registry.npmjs.org/vm-browserify/-/vm-browserify-0.0.1.tgz"
                },
                "crypto-browserify": {
                  "version": "0.2.3",
                  "from": "crypto-browserify@0.2.3",
                  "resolved": "https://registry.npmjs.org/crypto-browserify/-/crypto-browserify-0.2.3.tgz"
                }
              }
            },
            "snockets": {
              "version": "1.3.8",
              "from": "https://registry.npmjs.org/snockets/-/snockets-1.3.8.tgz",
              "resolved": "https://registry.npmjs.org/snockets/-/snockets-1.3.8.tgz",
              "dependencies": {
                "dep-graph": {
                  "version": "1.1.0",
                  "from": "https://registry.npmjs.org/dep-graph/-/dep-graph-1.1.0.tgz",
                  "resolved": "https://registry.npmjs.org/dep-graph/-/dep-graph-1.1.0.tgz",
                  "dependencies": {
                    "underscore": {
                      "version": "1.2.1",
                      "from": "https://registry.npmjs.org/underscore/-/underscore-1.2.1.tgz",
                      "resolved": "https://registry.npmjs.org/underscore/-/underscore-1.2.1.tgz"
                    }
                  }
                },
                "mime": {
                  "version": "1.2.2",
                  "from": "https://registry.npmjs.org/mime/-/mime-1.2.2.tgz",
                  "resolved": "https://registry.npmjs.org/mime/-/mime-1.2.2.tgz"
                },
                "uglify-js": {
                  "version": "1.0.7",
                  "from": "https://registry.npmjs.org/uglify-js/-/uglify-js-1.0.7.tgz",
                  "resolved": "https://registry.npmjs.org/uglify-js/-/uglify-js-1.0.7.tgz"
                },
                "underscore": {
                  "version": "1.1.7",
                  "from": "https://registry.npmjs.org/underscore/-/underscore-1.1.7.tgz",
                  "resolved": "https://registry.npmjs.org/underscore/-/underscore-1.1.7.tgz"
                }
              }
            },
            "pkgcloud": {
              "version": "0.6.6",
              "from": "https://registry.npmjs.org/pkgcloud/-/pkgcloud-0.6.6.tgz",
              "resolved": "https://registry.npmjs.org/pkgcloud/-/pkgcloud-0.6.6.tgz",
              "dependencies": {
                "errs": {
                  "version": "0.2.4",
                  "from": "errs@0.2.4",
                  "resolved": "https://registry.npmjs.org/errs/-/errs-0.2.4.tgz"
                },
                "eventemitter2": {
                  "version": "0.4.11",
                  "from": "https://registry.npmjs.org/eventemitter2/-/eventemitter2-0.4.11.tgz",
                  "resolved": "https://registry.npmjs.org/eventemitter2/-/eventemitter2-0.4.11.tgz"
                },
                "filed": {
                  "version": "0.0.7",
                  "from": "https://registry.npmjs.org/filed/-/filed-0.0.7.tgz",
                  "resolved": "https://registry.npmjs.org/filed/-/filed-0.0.7.tgz"
                },
                "xml2js": {
                  "version": "0.1.14",
                  "from": "xml2js@0.1.14",
                  "resolved": "https://registry.npmjs.org/xml2js/-/xml2js-0.1.14.tgz",
                  "dependencies": {
                    "sax": {
                      "version": "0.5.4",
                      "from": "sax@0.5.4",
                      "resolved": "https://registry.npmjs.org/sax/-/sax-0.5.4.tgz"
                    }
                  }
                },
                "morestreams": {
                  "version": "0.1.1",
                  "from": "morestreams@0.1.1",
                  "resolved": "https://registry.npmjs.org/morestreams/-/morestreams-0.1.1.tgz"
                },
                "pkginfo": {
                  "version": "0.2.3",
                  "from": "https://registry.npmjs.org/pkginfo/-/pkginfo-0.2.3.tgz",
                  "resolved": "https://registry.npmjs.org/pkginfo/-/pkginfo-0.2.3.tgz"
                },
                "request": {
                  "version": "2.21.0",
                  "from": "request@2.21.0",
                  "resolved": "https://registry.npmjs.org/request/-/request-2.21.0.tgz",
                  "dependencies": {
                    "qs": {
                      "version": "0.6.5",
                      "from": "qs@0.6.5",
                      "resolved": "https://registry.npmjs.org/qs/-/qs-0.6.5.tgz"
                    },
                    "json-stringify-safe": {
                      "version": "4.0.0",
                      "from": "json-stringify-safe@4.0.0",
                      "resolved": "https://registry.npmjs.org/json-stringify-safe/-/json-stringify-safe-4.0.0.tgz"
                    },
                    "forever-agent": {
                      "version": "0.5.0",
                      "from": "forever-agent@0.5.0",
                      "resolved": "https://registry.npmjs.org/forever-agent/-/forever-agent-0.5.0.tgz"
                    },
                    "tunnel-agent": {
                      "version": "0.3.0",
                      "from": "tunnel-agent@0.3.0",
                      "resolved": "https://registry.npmjs.org/tunnel-agent/-/tunnel-agent-0.3.0.tgz"
                    },
                    "http-signature": {
                      "version": "0.9.11",
                      "from": "http-signature@0.9.11",
                      "resolved": "https://registry.npmjs.org/http-signature/-/http-signature-0.9.11.tgz",
                      "dependencies": {
                        "assert-plus": {
                          "version": "0.1.2",
                          "from": "https://registry.npmjs.org/assert-plus/-/assert-plus-0.1.2.tgz",
                          "resolved": "https://registry.npmjs.org/assert-plus/-/assert-plus-0.1.2.tgz"
                        },
                        "asn1": {
                          "version": "0.1.11",
                          "from": "https://registry.npmjs.org/asn1/-/asn1-0.1.11.tgz",
                          "resolved": "https://registry.npmjs.org/asn1/-/asn1-0.1.11.tgz"
                        },
                        "ctype": {
                          "version": "0.5.2",
                          "from": "https://registry.npmjs.org/ctype/-/ctype-0.5.2.tgz",
                          "resolved": "https://registry.npmjs.org/ctype/-/ctype-0.5.2.tgz"
                        }
                      }
                    },
                    "hawk": {
                      "version": "0.13.1",
                      "from": "hawk@0.13.1",
                      "resolved": "https://registry.npmjs.org/hawk/-/hawk-0.13.1.tgz",
                      "dependencies": {
                        "hoek": {
                          "version": "0.8.5",
                          "from": "hoek@0.8.5",
                          "resolved": "https://registry.npmjs.org/hoek/-/hoek-0.8.5.tgz"
                        },
                        "boom": {
                          "version": "0.4.2",
                          "from": "boom@0.4.2",
                          "resolved": "https://registry.npmjs.org/boom/-/boom-0.4.2.tgz",
                          "dependencies": {
                            "hoek": {
                              "version": "0.9.1",
                              "from": "hoek@0.9.1",
                              "resolved": "https://registry.npmjs.org/hoek/-/hoek-0.9.1.tgz"
                            }
                          }
                        },
                        "cryptiles": {
                          "version": "0.2.1",
                          "from": "cryptiles@0.2.1",
                          "resolved": "https://registry.npmjs.org/cryptiles/-/cryptiles-0.2.1.tgz"
                        },
                        "sntp": {
                          "version": "0.2.4",
                          "from": "sntp@0.2.4",
                          "resolved": "https://registry.npmjs.org/sntp/-/sntp-0.2.4.tgz",
                          "dependencies": {
                            "hoek": {
                              "version": "0.9.1",
                              "from": "hoek@0.9.1",
                              "resolved": "https://registry.npmjs.org/hoek/-/hoek-0.9.1.tgz"
                            }
                          }
                        }
                      }
                    },
                    "aws-sign": {
                      "version": "0.3.0",
                      "from": "aws-sign@0.3.0",
                      "resolved": "https://registry.npmjs.org/aws-sign/-/aws-sign-0.3.0.tgz"
                    },
                    "oauth-sign": {
                      "version": "0.3.0",
                      "from": "oauth-sign@0.3.0",
                      "resolved": "https://registry.npmjs.org/oauth-sign/-/oauth-sign-0.3.0.tgz"
                    },
                    "cookie-jar": {
                      "version": "0.3.0",
                      "from": "cookie-jar@0.3.0",
                      "resolved": "https://registry.npmjs.org/cookie-jar/-/cookie-jar-0.3.0.tgz"
                    },
                    "mime": {
                      "version": "1.2.9",
                      "from": "mime@1.2.9",
                      "resolved": "https://registry.npmjs.org/mime/-/mime-1.2.9.tgz"
                    }
                  }
                },
                "utile": {
                  "version": "0.2.0",
                  "from": "utile@0.2.0",
                  "resolved": "https://registry.npmjs.org/utile/-/utile-0.2.0.tgz",
                  "dependencies": {
                    "deep-equal": {
                      "version": "0.0.0",
                      "from": "deep-equal@0.0.0",
                      "resolved": "https://registry.npmjs.org/deep-equal/-/deep-equal-0.0.0.tgz"
                    },
                    "i": {
                      "version": "0.3.1",
                      "from": "i@0.3.1",
                      "resolved": "https://registry.npmjs.org/i/-/i-0.3.1.tgz"
                    },
                    "mkdirp": {
                      "version": "0.3.5",
                      "from": "mkdirp@0.3.5",
                      "resolved": "https://registry.npmjs.org/mkdirp/-/mkdirp-0.3.5.tgz"
                    },
                    "ncp": {
                      "version": "0.2.7",
                      "from": "ncp@0.2.7",
                      "resolved": "https://registry.npmjs.org/ncp/-/ncp-0.2.7.tgz"
                    },
                    "rimraf": {
                      "version": "2.1.4",
                      "from": "rimraf@2.1.4",
                      "resolved": "https://registry.npmjs.org/rimraf/-/rimraf-2.1.4.tgz",
                      "dependencies": {
                        "graceful-fs": {
                          "version": "1.2.2",
                          "from": "https://registry.npmjs.org/graceful-fs/-/graceful-fs-1.2.2.tgz",
                          "resolved": "https://registry.npmjs.org/graceful-fs/-/graceful-fs-1.2.2.tgz"
                        }
                      }
                    }
                  }
                }
              }
            },
            "less": {
              "version": "1.3.3",
              "from": "https://registry.npmjs.org/less/-/less-1.3.3.tgz",
              "resolved": "https://registry.npmjs.org/less/-/less-1.3.3.tgz",
              "dependencies": {
                "ycssmin": {
                  "version": "1.0.1",
                  "from": "ycssmin@1.0.1",
                  "resolved": "https://registry.npmjs.org/ycssmin/-/ycssmin-1.0.1.tgz"
                }
              }
            },
            "jade": {
              "version": "0.27.7",
              "from": "https://registry.npmjs.org/jade/-/jade-0.27.7.tgz",
              "resolved": "https://registry.npmjs.org/jade/-/jade-0.27.7.tgz",
              "dependencies": {
                "commander": {
                  "version": "0.6.1",
                  "from": "commander@0.6.1"
                },
                "mkdirp": {
                  "version": "0.3.5",
                  "from": "mkdirp@0.3.5",
                  "resolved": "https://registry.npmjs.org/mkdirp/-/mkdirp-0.3.5.tgz"
                }
              }
            },
            "mime": {
              "version": "1.2.7",
              "from": "https://registry.npmjs.org/mime/-/mime-1.2.7.tgz",
              "resolved": "https://registry.npmjs.org/mime/-/mime-1.2.7.tgz"
            },
            "nib": {
              "version": "0.9.1",
              "from": "https://registry.npmjs.org/nib/-/nib-0.9.1.tgz",
              "resolved": "https://registry.npmjs.org/nib/-/nib-0.9.1.tgz"
            },
            "stylus": {
              "version": "0.32.0",
              "from": "https://registry.npmjs.org/stylus/-/stylus-0.32.0.tgz",
              "resolved": "https://registry.npmjs.org/stylus/-/stylus-0.32.0.tgz",
              "dependencies": {
                "cssom": {
                  "version": "0.2.5",
                  "from": "cssom@0.2.5",
                  "resolved": "https://registry.npmjs.org/cssom/-/cssom-0.2.5.tgz"
                },
                "mkdirp": {
                  "version": "0.3.5",
                  "from": "mkdirp@0.3.5",
                  "resolved": "https://registry.npmjs.org/mkdirp/-/mkdirp-0.3.5.tgz"
                },
                "debug": {
                  "version": "0.7.2",
                  "from": "debug@0.7.2",
                  "resolved": "https://registry.npmjs.org/debug/-/debug-0.7.2.tgz"
                }
              }
            },
            "underscore": {
              "version": "1.4.4",
              "from": "https://registry.npmjs.org/underscore/-/underscore-1.4.4.tgz",
              "resolved": "https://registry.npmjs.org/underscore/-/underscore-1.4.4.tgz"
            },
            "coffee-script": {
              "version": "1.4.0",
              "from": "https://registry.npmjs.org/coffee-script/-/coffee-script-1.4.0.tgz",
              "resolved": "https://registry.npmjs.org/coffee-script/-/coffee-script-1.4.0.tgz"
            },
            "markdown": {
              "version": "0.4.0",
              "from": "https://registry.npmjs.org/markdown/-/markdown-0.4.0.tgz",
              "resolved": "https://registry.npmjs.org/markdown/-/markdown-0.4.0.tgz",
              "dependencies": {
                "nopt": {
                  "version": "1.0.10",
                  "from": "nopt@1.0.10",
                  "resolved": "https://registry.npmjs.org/nopt/-/nopt-1.0.10.tgz",
                  "dependencies": {
                    "abbrev": {
                      "version": "1.0.4",
                      "from": "abbrev@1.0.4",
                      "resolved": "https://registry.npmjs.org/abbrev/-/abbrev-1.0.4.tgz"
                    }
                  }
                }
              }
            },
            "node-sassy": {
              "version": "0.0.1",
              "from": "https://registry.npmjs.org/node-sassy/-/node-sassy-0.0.1.tgz",
              "resolved": "https://registry.npmjs.org/node-sassy/-/node-sassy-0.0.1.tgz",
              "dependencies": {
                "lodash": {
                  "version": "1.0.1",
                  "from": "lodash@1.0.1",
                  "resolved": "https://registry.npmjs.org/lodash/-/lodash-1.0.1.tgz"
                },
                "combined-stream": {
                  "version": "0.0.4",
                  "from": "https://registry.npmjs.org/combined-stream/-/combined-stream-0.0.4.tgz",
                  "resolved": "https://registry.npmjs.org/combined-stream/-/combined-stream-0.0.4.tgz",
                  "dependencies": {
                    "delayed-stream": {
                      "version": "0.0.5",
                      "from": "https://registry.npmjs.org/delayed-stream/-/delayed-stream-0.0.5.tgz",
                      "resolved": "https://registry.npmjs.org/delayed-stream/-/delayed-stream-0.0.5.tgz"
                    }
                  }
                }
              }
            }
          }
        },
        "node-uuid": {
          "version": "1.4.0",
          "from": "node-uuid@1.4.0"
        },
        "parley": {
          "version": "0.0.2",
          "from": "parley@0.0.2"
        },
        "include-all": {
          "version": "0.0.6",
          "from": "include-all@0.0.6",
          "dependencies": {
            "underscore.string": {
              "version": "2.3.1",
              "from": "https://registry.npmjs.org/underscore.string/-/underscore.string-2.3.1.tgz",
              "resolved": "https://registry.npmjs.org/underscore.string/-/underscore.string-2.3.1.tgz"
            }
          }
        },
        "forever": {
          "version": "0.10.0",
          "from": "forever@0.10.0",
          "dependencies": {
            "cliff": {
              "version": "0.1.8",
              "from": "cliff@0.1.8",
              "dependencies": {
                "colors": {
                  "version": "0.6.0-1",
                  "from": "colors@0.6.0-1",
                  "resolved": "https://registry.npmjs.org/colors/-/colors-0.6.0-1.tgz"
                },
                "eyes": {
                  "version": "0.1.8",
                  "from": "eyes@0.1.8",
                  "resolved": "https://registry.npmjs.org/eyes/-/eyes-0.1.8.tgz"
                }
              }
            },
            "flatiron": {
              "version": "0.2.3",
              "from": "flatiron@0.2.3",
              "dependencies": {
                "broadway": {
                  "version": "0.2.3",
                  "from": "https://registry.npmjs.org/broadway/-/broadway-0.2.3.tgz",
                  "resolved": "https://registry.npmjs.org/broadway/-/broadway-0.2.3.tgz",
                  "dependencies": {
                    "eventemitter2": {
                      "version": "0.4.9",
                      "from": "https://registry.npmjs.org/eventemitter2/-/eventemitter2-0.4.9.tgz",
                      "resolved": "https://registry.npmjs.org/eventemitter2/-/eventemitter2-0.4.9.tgz"
                    }
                  }
                },
                "prompt": {
                  "version": "0.2.2",
                  "from": "https://registry.npmjs.org/prompt/-/prompt-0.2.2.tgz",
                  "resolved": "https://registry.npmjs.org/prompt/-/prompt-0.2.2.tgz",
                  "dependencies": {
                    "read": {
                      "version": "0.1.0",
                      "from": "https://github.com/indexzero/read/tarball/refactor-optional-streams",
                      "resolved": "https://github.com/indexzero/read/tarball/refactor-optional-streams"
                    },
                    "revalidator": {
                      "version": "0.1.5",
                      "from": "revalidator@0.1.5",
                      "resolved": "https://registry.npmjs.org/revalidator/-/revalidator-0.1.5.tgz"
                    }
                  }
                },
                "director": {
                  "version": "1.1.0",
                  "from": "https://registry.npmjs.org/director/-/director-1.1.0.tgz",
                  "resolved": "https://registry.npmjs.org/director/-/director-1.1.0.tgz"
                }
              }
            },
            "forever-monitor": {
              "version": "1.0.1",
              "from": "https://registry.npmjs.org/forever-monitor/-/forever-monitor-1.0.1.tgz",
              "resolved": "https://registry.npmjs.org/forever-monitor/-/forever-monitor-1.0.1.tgz",
              "dependencies": {
                "broadway": {
                  "version": "0.2.7",
                  "from": "broadway@0.2.7",
                  "resolved": "https://registry.npmjs.org/broadway/-/broadway-0.2.7.tgz",
                  "dependencies": {
                    "eventemitter2": {
                      "version": "0.4.11",
                      "from": "https://registry.npmjs.org/eventemitter2/-/eventemitter2-0.4.11.tgz",
                      "resolved": "https://registry.npmjs.org/eventemitter2/-/eventemitter2-0.4.11.tgz"
                    },
                    "nconf": {
                      "version": "0.6.7",
                      "from": "https://registry.npmjs.org/nconf/-/nconf-0.6.7.tgz",
                      "resolved": "https://registry.npmjs.org/nconf/-/nconf-0.6.7.tgz",
                      "dependencies": {
                        "ini": {
                          "version": "1.1.0",
                          "from": "ini@1.1.0",
                          "resolved": "https://registry.npmjs.org/ini/-/ini-1.1.0.tgz"
                        }
                      }
                    },
                    "utile": {
                      "version": "0.1.7",
                      "from": "https://registry.npmjs.org/utile/-/utile-0.1.7.tgz",
                      "resolved": "https://registry.npmjs.org/utile/-/utile-0.1.7.tgz",
                      "dependencies": {
                        "deep-equal": {
                          "version": "0.0.0",
                          "from": "deep-equal@0.0.0",
                          "resolved": "https://registry.npmjs.org/deep-equal/-/deep-equal-0.0.0.tgz"
                        },
                        "i": {
                          "version": "0.3.1",
                          "from": "i@0.3.1",
                          "resolved": "https://registry.npmjs.org/i/-/i-0.3.1.tgz"
                        },
                        "mkdirp": {
                          "version": "0.3.5",
                          "from": "mkdirp@0.3.5",
                          "resolved": "https://registry.npmjs.org/mkdirp/-/mkdirp-0.3.5.tgz"
                        },
                        "ncp": {
                          "version": "0.2.7",
                          "from": "ncp@0.2.7",
                          "resolved": "https://registry.npmjs.org/ncp/-/ncp-0.2.7.tgz"
                        },
                        "rimraf": {
                          "version": "1.0.9",
                          "from": "rimraf@1.0.9",
                          "resolved": "https://registry.npmjs.org/rimraf/-/rimraf-1.0.9.tgz"
                        }
                      }
                    }
                  }
                },
                "minimatch": {
                  "version": "0.0.5",
                  "from": "minimatch@0.0.5",
                  "resolved": "https://registry.npmjs.org/minimatch/-/minimatch-0.0.5.tgz",
                  "dependencies": {
                    "lru-cache": {
                      "version": "1.0.6",
                      "from": "lru-cache@1.0.6",
                      "resolved": "https://registry.npmjs.org/lru-cache/-/lru-cache-1.0.6.tgz"
                    }
                  }
                },
                "ps-tree": {
                  "version": "0.0.3",
                  "from": "ps-tree@0.0.3",
                  "resolved": "https://registry.npmjs.org/ps-tree/-/ps-tree-0.0.3.tgz",
                  "dependencies": {
                    "event-stream": {
                      "version": "0.5.3",
                      "from": "event-stream@0.5.3",
                      "resolved": "https://registry.npmjs.org/event-stream/-/event-stream-0.5.3.tgz",
                      "dependencies": {
                        "optimist": {
                          "version": "0.2.8",
                          "from": "optimist@0.2.8",
                          "resolved": "https://registry.npmjs.org/optimist/-/optimist-0.2.8.tgz",
                          "dependencies": {
                            "wordwrap": {
                              "version": "0.0.2",
                              "from": "wordwrap@0.0.2",
                              "resolved": "https://registry.npmjs.org/wordwrap/-/wordwrap-0.0.2.tgz"
                            }
                          }
                        }
                      }
                    }
                  }
                },
                "utile": {
                  "version": "0.0.10",
                  "from": "utile@0.0.10",
                  "resolved": "https://registry.npmjs.org/utile/-/utile-0.0.10.tgz",
                  "dependencies": {
                    "mkdirp": {
                      "version": "0.3.5",
                      "from": "mkdirp@0.3.5",
                      "resolved": "https://registry.npmjs.org/mkdirp/-/mkdirp-0.3.5.tgz"
                    },
                    "ncp": {
                      "version": "0.2.7",
                      "from": "ncp@0.2.7",
                      "resolved": "https://registry.npmjs.org/ncp/-/ncp-0.2.7.tgz"
                    },
                    "rimraf": {
                      "version": "1.0.9",
                      "from": "rimraf@1.0.9",
                      "resolved": "https://registry.npmjs.org/rimraf/-/rimraf-1.0.9.tgz"
                    }
                  }
                }
              }
            },
            "nconf": {
              "version": "0.6.1",
              "from": "nconf@0.6.1",
              "dependencies": {
                "ini": {
                  "version": "1.1.0",
                  "from": "ini@1.1.0",
                  "resolved": "https://registry.npmjs.org/ini/-/ini-1.1.0.tgz"
                }
              }
            },
            "nssocket": {
              "version": "0.3.8",
              "from": "nssocket@0.3.8",
              "dependencies": {
                "eventemitter2": {
                  "version": "0.4.11",
                  "from": "eventemitter2@0.4.11"
                },
                "lazy": {
                  "version": "1.0.11",
                  "from": "lazy@1.0.11",
                  "resolved": "https://registry.npmjs.org/lazy/-/lazy-1.0.11.tgz"
                }
              }
            },
            "pkginfo": {
              "version": "0.2.3",
              "from": "https://registry.npmjs.org/pkginfo/-/pkginfo-0.2.3.tgz",
              "resolved": "https://registry.npmjs.org/pkginfo/-/pkginfo-0.2.3.tgz"
            },
            "timespan": {
              "version": "2.0.1",
              "from": "https://registry.npmjs.org/timespan/-/timespan-2.0.1.tgz",
              "resolved": "https://registry.npmjs.org/timespan/-/timespan-2.0.1.tgz"
            },
            "watch": {
              "version": "0.5.1",
              "from": "watch@0.5.1"
            },
            "utile": {
              "version": "0.1.2",
              "from": "https://registry.npmjs.org/utile/-/utile-0.1.2.tgz",
              "resolved": "https://registry.npmjs.org/utile/-/utile-0.1.2.tgz",
              "dependencies": {
                "deep-equal": {
                  "version": "0.0.0",
                  "from": "deep-equal@0.0.0",
                  "resolved": "https://registry.npmjs.org/deep-equal/-/deep-equal-0.0.0.tgz"
                },
                "i": {
                  "version": "0.3.1",
                  "from": "i@0.3.1",
                  "resolved": "https://registry.npmjs.org/i/-/i-0.3.1.tgz"
                },
                "mkdirp": {
                  "version": "0.3.5",
                  "from": "mkdirp@0.3.5",
                  "resolved": "https://registry.npmjs.org/mkdirp/-/mkdirp-0.3.5.tgz"
                },
                "ncp": {
                  "version": "0.2.7",
                  "from": "ncp@0.2.7",
                  "resolved": "https://registry.npmjs.org/ncp/-/ncp-0.2.7.tgz"
                },
                "rimraf": {
                  "version": "1.0.9",
                  "from": "rimraf@1.0.9",
                  "resolved": "https://registry.npmjs.org/rimraf/-/rimraf-1.0.9.tgz"
                }
              }
            }
          }
        },
        "clean-css": {
          "version": "0.10.1",
          "from": "clean-css@0.10.1",
          "dependencies": {
            "commander": {
              "version": "1.1.1",
              "from": "commander@1.1.1",
              "resolved": "https://registry.npmjs.org/commander/-/commander-1.1.1.tgz",
              "dependencies": {
                "keypress": {
                  "version": "0.1.0",
                  "from": "keypress@0.1.0",
                  "resolved": "https://registry.npmjs.org/keypress/-/keypress-0.1.0.tgz"
                }
              }
            }
          }
        },
        "fs-watch-tree": {
          "version": "0.2.2",
          "from": "fs-watch-tree@0.2.2",
          "dependencies": {
            "when": {
              "version": "1.3.0",
              "from": "https://github.com/cujojs/when/tarball/1.3.0",
              "resolved": "https://github.com/cujojs/when/tarball/1.3.0"
            }
          }
        },
        "jade": {
          "version": "0.28.0",
          "from": "jade@0.28.0",
          "dependencies": {
            "commander": {
              "version": "0.6.1",
              "from": "commander@0.6.1"
            },
            "mkdirp": {
              "version": "0.3.5",
              "from": "mkdirp@0.3.5",
              "resolved": "https://registry.npmjs.org/mkdirp/-/mkdirp-0.3.5.tgz"
            },
            "coffee-script": {
              "version": "1.4.0",
              "from": "coffee-script@1.4.0"
            }
          }
        },
        "inflection": {
          "version": "1.2.5",
          "from": "inflection@1.2.5"
        },
        "node-typescript": {
          "version": "0.1.3",
          "from": "node-typescript@0.1.3",
          "dependencies": {
            "typescript": {
              "version": "0.8.3"
            }
          }
        },
        "coffee-script": {
          "version": "1.6.2",
          "from": "coffee-script@1.6.2"
        },
        "connect-redis": {
          "version": "1.4.5",
          "from": "connect-redis@1.4.5",
          "dependencies": {
            "redis": {
              "version": "0.7.3",
              "from": "redis@0.7.3",
              "resolved": "https://registry.npmjs.org/redis/-/redis-0.7.3.tgz"
            },
            "debug": {
              "version": "0.7.2",
              "from": "debug@0.7.2",
              "resolved": "https://registry.npmjs.org/debug/-/debug-0.7.2.tgz"
            }
          }
        },
        "hbs": {
          "version": "2.1.0",
          "from": "hbs@2.1.0",
          "dependencies": {
            "handlebars": {
              "version": "1.0.9",
              "from": "https://registry.npmjs.org/handlebars/-/handlebars-1.0.9.tgz",
              "resolved": "https://registry.npmjs.org/handlebars/-/handlebars-1.0.9.tgz",
              "dependencies": {
                "uglify-js": {
                  "version": "1.2.6",
                  "from": "uglify-js@1.2.6",
                  "resolved": "https://registry.npmjs.org/uglify-js/-/uglify-js-1.2.6.tgz"
                }
              }
            }
          }
        }
      }
    },
    "sails-mysql": {
      "version": "0.7.8",
      "from": "sails-mysql@",
      "dependencies": {
        "async": {
          "version": "0.1.22",
          "from": "async@0.1.22"
        },
        "underscore": {
          "version": "1.4.3",
          "from": "underscore@1.4.3"
        },
        "underscore.string": {
          "version": "2.3.1",
          "from": "underscore.string@2.3.1"
        },
        "mysql": {
          "version": "2.0.0-alpha7",
          "dependencies": {
            "require-all": {
              "version": "0.0.3",
              "from": "require-all@0.0.3"
            },
            "bignumber.js": {
              "version": "1.0.1",
              "from": "bignumber.js@1.0.1"
            }
          }
        }
      }
    },
    "password-hash": {
      "version": "1.2.1",
      "from": "password-hash@"
    },
    "passport-local": {
      "version": "0.1.6",
      "from": "passport-local@",
      "resolved": "https://registry.npmjs.org/passport-local/-/passport-local-0.1.6.tgz",
      "dependencies": {
        "pkginfo": {
          "version": "0.2.3",
          "from": "pkginfo@0.2.x"
        }
      }
    },
    "passport": {
      "version": "0.1.17",
      "from": "passport@~0.1.17",
      "dependencies": {
        "pkginfo": {
          "version": "0.2.3",
          "from": "pkginfo@0.2.x",
          "resolved": "https://registry.npmjs.org/pkginfo/-/pkginfo-0.2.3.tgz"
        },
        "pause": {
          "version": "0.0.1",
          "from": "pause@0.0.1"
        }
      }
    },
    "sails-mongo": {
      "version": "0.0.3",
      "from": "sails-mongo@0.0.3",
      "dependencies": {
        "async": {
          "version": "0.1.22",
          "from": "async@0.1.22"
        },
        "underscore": {
          "version": "1.4.4",
          "from": "underscore@~1.4.4"
        },
        "underscore.string": {
          "version": "2.3.1",
          "from": "underscore.string@~2.3.1",
          "resolved": "https://registry.npmjs.org/underscore.string/-/underscore.string-2.3.1.tgz"
        },
        "mongodb": {
          "version": "1.3.9",
          "from": "mongodb@*",
          "dependencies": {
            "bson": {
              "version": "0.1.9",
              "from": "bson@0.1.9",
              "resolved": "https://registry.npmjs.org/bson/-/bson-0.1.9.tgz"
            },
            "kerberos": {
              "version": "0.0.2",
              "from": "kerberos@latest"
            }
          }
        }
      }
    }
  }
}
